
Microsoft Visual Studio Solution File, Format Version 12.00
# Visual Studio 15
VisualStudioVersion = 15.0.28307.645
MinimumVisualStudioVersion = 10.0.40219.1
Project("{FAE04EC0-301F-11D3-BF4B-00C04F79EFBC}") = "TracNghiem", "TracNghiem\TracNghiem.csproj", "{75E5A40F-219E-440E-938F-BC27B4973282}"
EndProject
Global
	GlobalSection(SolutionConfigurationPlatforms) = preSolution
		Debug|Any CPU = Debug|Any CPU
		Release|Any CPU = Release|Any CPU
	EndGlobalSection
	GlobalSection(ProjectConfigurationPlatforms) = postSolution
		{75E5A40F-219E-440E-938F-BC27B4973282}.Debug|Any CPU.ActiveCfg = Debug|Any CPU
		{75E5A40F-219E-440E-938F-BC27B4973282}.Debug|Any CPU.Build.0 = Debug|Any CPU
		{75E5A40F-219E-440E-938F-BC27B4973282}.Release|Any CPU.ActiveCfg = Release|Any CPU
		{75E5A40F-219E-440E-938F-BC27B4973282}.Release|Any CPU.Build.0 = Release|Any CPU
	EndGlobalSection
	GlobalSection(SolutionProperties) = preSolution
		HideSolutionNode = FALSE
	EndGlobalSection
	GlobalSection(ExtensibilityGlobals) = postSolution
		SolutionGuid = {F40FC877-3443-4FCE-B287-D4E100CD9575}
	EndGlobalSection
EndGlobal
